// !$*UTF8*$!
{
	archiveVersion = 1;
	classes = {
	};
	objectVersion = 46;
	objects = {

/* Begin PBXBuildFile section */
		35368A0E1BE6EDF500BCB71A /* AppDelegate.swift in Sources */ = {isa = PBXBuildFile; fileRef = 35368A0D1BE6EDF500BCB71A /* AppDelegate.swift */; };
		35368A101BE6EDF500BCB71A /* ViewController.swift in Sources */ = {isa = PBXBuildFile; fileRef = 35368A0F1BE6EDF500BCB71A /* ViewController.swift */; };
		35368A131BE6EDF500BCB71A /* Main.storyboard in Resources */ = {isa = PBXBuildFile; fileRef = 35368A111BE6EDF500BCB71A /* Main.storyboard */; };
		35368A151BE6EDF500BCB71A /* Images.xcassets in Resources */ = {isa = PBXBuildFile; fileRef = 35368A141BE6EDF500BCB71A /* Images.xcassets */; };
		35368A181BE6EDF500BCB71A /* LaunchScreen.xib in Resources */ = {isa = PBXBuildFile; fileRef = 35368A161BE6EDF500BCB71A /* LaunchScreen.xib */; };
		35368A241BE6EDF500BCB71A /* WarTests.swift in Sources */ = {isa = PBXBuildFile; fileRef = 35368A231BE6EDF500BCB71A /* WarTests.swift */; };
/* End PBXBuildFile section */

/* Begin PBXContainerItemProxy section */
		35368A1E1BE6EDF500BCB71A /* PBXContainerItemProxy */ = {
			isa = PBXContainerItemProxy;
			containerPortal = 35368A001BE6EDF500BCB71A /* Project object */;
			proxyType = 1;
			remoteGlobalIDString = 35368A071BE6EDF500BCB71A;
			remoteInfo = War;
		};
/* End PBXContainerItemProxy section */

/* Begin PBXFileReference section */
		35368A081BE6EDF500BCB71A /* War.app */ = {isa = PBXFileReference; explicitFileType = wrapper.application; includeInIndex = 0; path = War.app; sourceTree = BUILT_PRODUCTS_DIR; };
		35368A0C1BE6EDF500BCB71A /* Info.plist */ = {isa = PBXFileReference; lastKnownFileType = text.plist.xml; path = Info.plist; sourceTree = "<group>"; };
		35368A0D1BE6EDF500BCB71A /* AppDelegate.swift */ = {isa = PBXFileReference; lastKnownFileType = sourcecode.swift; path = AppDelegate.swift; sourceTree = "<group>"; };
		35368A0F1BE6EDF500BCB71A /* ViewController.swift */ = {isa = PBXFileReference; lastKnownFileType = sourcecode.swift; path = ViewController.swift; sourceTree = "<group>"; };
		35368A121BE6EDF500BCB71A /* Base */ = {isa = PBXFileReference; lastKnownFileType = file.storyboard; name = Base; path = Base.lproj/Main.storyboard; sourceTree = "<group>"; };
		35368A141BE6EDF500BCB71A /* Images.xcassets */ = {isa = PBXFileReference; lastKnownFileType = folder.assetcatalog; path = Images.xcassets; sourceTree = "<group>"; };
		35368A171BE6EDF500BCB71A /* Base */ = {isa = PBXFileReference; lastKnownFileType = file.xib; name = Base; path = Base.lproj/LaunchScreen.xib; sourceTree = "<group>"; };
		35368A1D1BE6EDF500BCB71A /* WarTests.xctest */ = {isa = PBXFileReference; explicitFileType = wrapper.cfbundle; includeInIndex = 0; path = WarTests.xctest; sourceTree = BUILT_PRODUCTS_DIR; };
		35368A221BE6EDF500BCB71A /* Info.plist */ = {isa = PBXFileReference; lastKnownFileType = text.plist.xml; path = Info.plist; sourceTree = "<group>"; };
		35368A231BE6EDF500BCB71A /* WarTests.swift */ = {isa = PBXFileReference; lastKnownFileType = sourcecode.swift; path = WarTests.swift; sourceTree = "<group>"; };
/* End PBXFileReference section */

/* Begin PBXFrameworksBuildPhase section */
		35368A051BE6EDF500BCB71A /* Frameworks */ = {
			isa = PBXFrameworksBuildPhase;
			buildActionMask = 2147483647;
			files = (
			);
			runOnlyForDeploymentPostprocessing = 0;
		};
		35368A1A1BE6EDF500BCB71A /* Frameworks */ = {
			isa = PBXFrameworksBuildPhase;
			buildActionMask = 2147483647;
			files = (
			);
			runOnlyForDeploymentPostprocessing = 0;
		};
/* End PBXFrameworksBuildPhase section */

/* Begin PBXGroup section */
		353689FF1BE6EDF500BCB71A = {
			isa = PBXGroup;
			children = (
				35368A0A1BE6EDF500BCB71A /* War */,
				35368A201BE6EDF500BCB71A /* WarTests */,
				35368A091BE6EDF500BCB71A /* Products */,
			);
			sourceTree = "<group>";
		};
		35368A091BE6EDF500BCB71A /* Products */ = {
			isa = PBXGroup;
			children = (
				35368A081BE6EDF500BCB71A /* War.app */,
				35368A1D1BE6EDF500BCB71A /* WarTests.xctest */,
			);
			name = Products;
			sourceTree = "<group>";
		};
		35368A0A1BE6EDF500BCB71A /* War */ = {
			isa = PBXGroup;
			children = (
				35368A0D1BE6EDF500BCB71A /* AppDelegate.swift */,
				35368A0F1BE6EDF500BCB71A /* ViewController.swift */,
				35368A111BE6EDF500BCB71A /* Main.storyboard */,
				35368A141BE6EDF500BCB71A /* Images.xcassets */,
				35368A161BE6EDF500BCB71A /* LaunchScreen.xib */,
				35368A0B1BE6EDF500BCB71A /* Supporting Files */,
			);
			path = War;
			sourceTree = "<group>";
		};
		35368A0B1BE6EDF500BCB71A /* Supporting Files */ = {
			isa = PBXGroup;
			children = (
				35368A0C1BE6EDF500BCB71A /* Info.plist */,
			);
			name = "Supporting Files";
			sourceTree = "<group>";
		};
		35368A201BE6EDF500BCB71A /* WarTests */ = {
			isa = PBXGroup;
			children = (
				35368A231BE6EDF500BCB71A /* WarTests.swift */,
				35368A211BE6EDF500BCB71A /* Supporting Files */,
			);
			path = WarTests;
			sourceTree = "<group>";
		};
		35368A211BE6EDF500BCB71A /* Supporting Files */ = {
			isa = PBXGroup;
			children = (
				35368A221BE6EDF500BCB71A /* Info.plist */,
			);
			name = "Supporting Files";
			sourceTree = "<group>";
		};
/* End PBXGroup section */

/* Begin PBXNativeTarget section */
		35368A071BE6EDF500BCB71A /* War */ = {
			isa = PBXNativeTarget;
			buildConfigurationList = 35368A271BE6EDF500BCB71A /* Build configuration list for PBXNativeTarget "War" */;
			buildPhases = (
				35368A041BE6EDF500BCB71A /* Sources */,
				35368A051BE6EDF500BCB71A /* Frameworks */,
				35368A061BE6EDF500BCB71A /* Resources */,
			);
			buildRules = (
			);
			dependencies = (
			);
			name = War;
			productName = War;
			productReference = 35368A081BE6EDF500BCB71A /* War.app */;
			productType = "com.apple.product-type.application";
		};
		35368A1C1BE6EDF500BCB71A /* WarTests */ = {
			isa = PBXNativeTarget;
			buildConfigurationList = 35368A2A1BE6EDF500BCB71A /* Build configuration list for PBXNativeTarget "WarTests" */;
			buildPhases = (
				35368A191BE6EDF500BCB71A /* Sources */,
				35368A1A1BE6EDF500BCB71A /* Frameworks */,
				35368A1B1BE6EDF500BCB71A /* Resources */,
			);
			buildRules = (
			);
			dependencies = (
				35368A1F1BE6EDF500BCB71A /* PBXTargetDependency */,
			);
			name = WarTests;
			productName = WarTests;
			productReference = 35368A1D1BE6EDF500BCB71A /* WarTests.xctest */;
			productType = "com.apple.product-type.bundle.unit-test";
		};
/* End PBXNativeTarget section */

/* Begin PBXProject section */
		35368A001BE6EDF500BCB71A /* Project object */ = {
			isa = PBXProject;
			attributes = {
				LastUpgradeCheck = 0600;
				ORGANIZATIONNAME = shyam;
				TargetAttributes = {
					35368A071BE6EDF500BCB71A = {
						CreatedOnToolsVersion = 6.0;
					};
					35368A1C1BE6EDF500BCB71A = {
						CreatedOnToolsVersion = 6.0;
						TestTargetID = 35368A071BE6EDF500BCB71A;
					};
				};
			};
			buildConfigurationList = 35368A031BE6EDF500BCB71A /* Build configuration list for PBXProject "War" */;
			compatibilityVersion = "Xcode 3.2";
			developmentRegion = English;
			hasScannedForEncodings = 0;
			knownRegions = (
				en,
				Base,
			);
			mainGroup = 353689FF1BE6EDF500BCB71A;
			productRefGroup = 35368A091BE6EDF500BCB71A /* Products */;
			projectDirPath = "";
			projectRoot = "";
			targets = (
				35368A071BE6EDF500BCB71A /* War */,
				35368A1C1BE6EDF500BCB71A /* WarTests */,
			);
		};
/* End PBXProject section */

/* Begin PBXResourcesBuildPhase section */
		35368A061BE6EDF500BCB71A /* Resources */ = {
			isa = PBXResourcesBuildPhase;
			buildActionMask = 2147483647;
			files = (
				35368A131BE6EDF500BCB71A /* Main.storyboard in Resources */,
				35368A181BE6EDF500BCB71A /* LaunchScreen.xib in Resources */,
				35368A151BE6EDF500BCB71A /* Images.xcassets in Resources */,
			);
			runOnlyForDeploymentPostprocessing = 0;
		};
		35368A1B1BE6EDF500BCB71A /* Resources */ = {
			isa = PBXResourcesBuildPhase;
			buildActionMask = 2147483647;
			files = (
			);
			runOnlyForDeploymentPostprocessing = 0;
		};
/* End PBXResourcesBuildPhase section */

/* Begin PBXSourcesBuildPhase section */
		35368A041BE6EDF500BCB71A /* Sources */ = {
			isa = PBXSourcesBuildPhase;
			buildActionMask = 2147483647;
			files = (
				35368A101BE6EDF500BCB71A /* ViewController.swift in Sources */,
				35368A0E1BE6EDF500BCB71A /* AppDelegate.swift in Sources */,
			);
			runOnlyForDeploymentPostprocessing = 0;
		};
		35368A191BE6EDF500BCB71A /* Sources */ = {
			isa = PBXSourcesBuildPhase;
			buildActionMask = 2147483647;
			files = (
				35368A241BE6EDF500BCB71A /* WarTests.swift in Sources */,
			);
			runOnlyForDeploymentPostprocessing = 0;
		};
/* End PBXSourcesBuildPhase section */

/* Begin PBXTargetDependency section */
		35368A1F1BE6EDF500BCB71A /* PBXTargetDependency */ = {
			isa = PBXTargetDependency;
			target = 35368A071BE6EDF500BCB71A /* War */;
			targetProxy = 35368A1E1BE6EDF500BCB71A /* PBXContainerItemProxy */;
		};
/* End PBXTargetDependency section */

/* Begin PBXVariantGroup section */
		35368A111BE6EDF500BCB71A /* Main.storyboard */ = {
			isa = PBXVariantGroup;
			children = (
				35368A121BE6EDF500BCB71A /* Base */,
			);
			name = Main.storyboard;
			sourceTree = "<group>";
		};
		35368A161BE6EDF500BCB71A /* LaunchScreen.xib */ = {
			isa = PBXVariantGroup;
			children = (
				35368A171BE6EDF500BCB71A /* Base */,
			);
			name = LaunchScreen.xib;
			sourceTree = "<group>";
		};
/* End PBXVariantGroup section */

/* Begin XCBuildConfiguration section */
		35368A251BE6EDF500BCB71A /* Debug */ = {
			isa = XCBuildConfiguration;
			buildSettings = {
				ALWAYS_SEARCH_USER_PATHS = NO;
				CLANG_CXX_LANGUAGE_STANDARD = "gnu++0x";
				CLANG_CXX_LIBRARY = "libc++";
				CLANG_ENABLE_MODULES = YES;
				CLANG_ENABLE_OBJC_ARC = YES;
				CLANG_WARN_BOOL_CONVERSION = YES;
				CLANG_WARN_CONSTANT_CONVERSION = YES;
				CLANG_WARN_DIRECT_OBJC_ISA_USAGE = YES_ERROR;
				CLANG_WARN_EMPTY_BODY = YES;
				CLANG_WARN_ENUM_CONVERSION = YES;
				CLANG_WARN_INT_CONVERSION = YES;
				CLANG_WARN_OBJC_ROOT_CLASS = YES_ERROR;
				CLANG_WARN_UNREACHABLE_CODE = YES;
				CLANG_WARN__DUPLICATE_METHOD_MATCH = YES;
				"CODE_SIGN_IDENTITY[sdk=iphoneos*]" = "iPhone Developer";
				COPY_PHASE_STRIP = NO;
				ENABLE_STRICT_OBJC_MSGSEND = YES;
				GCC_C_LANGUAGE_STANDARD = gnu99;
				GCC_DYNAMIC_NO_PIC = NO;
				GCC_OPTIMIZATION_LEVEL = 0;
				GCC_PREPROCESSOR_DEFINITIONS = (
					"DEBUG=1",
					"$(inherited)",
				);
				GCC_SYMBOLS_PRIVATE_EXTERN = NO;
				GCC_WARN_64_TO_32_BIT_CONVERSION = YES;
				GCC_WARN_ABOUT_RETURN_TYPE = YES_ERROR;
				GCC_WARN_UNDECLARED_SELECTOR = YES;
				GCC_WARN_UNINITIALIZED_AUTOS = YES_AGGRESSIVE;
				GCC_WARN_UNUSED_FUNCTION = YES;
				GCC_WARN_UNUSED_VARIABLE = YES;
				IPHONEOS_DEPLOYMENT_TARGET = 8.0;
				MTL_ENABLE_DEBUG_INFO = YES;
				ONLY_ACTIVE_ARCH = YES;
				SDKROOT = iphoneos;
				SWIFT_OPTIMIZATION_LEVEL = "-Onone";
			};
			name = Debug;
		};
		35368A261BE6EDF500BCB71A /* Release */ = {
			isa = XCBuildConfiguration;
			buildSettings = {
				ALWAYS_SEARCH_USER_PATHS = NO;
				CLANG_CXX_LANGUAGE_STANDARD = "gnu++0x";
				CLANG_CXX_LIBRARY = "libc++";
				CLANG_ENABLE_MODULES = YES;
				CLANG_ENABLE_OBJC_ARC = YES;
				CLANG_WARN_BOOL_CONVERSION = YES;
				CLANG_WARN_CONSTANT_CONVERSION = YES;
				CLANG_WARN_DIRECT_OBJC_ISA_USAGE = YES_ERROR;
				CLANG_WARN_EMPTY_BODY = YES;
				CLANG_WARN_ENUM_CONVERSION = YES;
				CLANG_WARN_INT_CONVERSION = YES;
				CLANG_WARN_OBJC_ROOT_CLASS = YES_ERROR;
				CLANG_WARN_UNREACHABLE_CODE = YES;
				CLANG_WARN__DUPLICATE_METHOD_MATCH = YES;
				"CODE_SIGN_IDENTITY[sdk=iphoneos*]" = "iPhone Developer";
				COPY_PHASE_STRIP = YES;
				ENABLE_NS_ASSERTIONS = NO;
				ENABLE_STRICT_OBJC_MSGSEND = YES;
				GCC_C_LANGUAGE_STANDARD = gnu99;
				GCC_WARN_64_TO_32_BIT_CONVERSION = YES;
				GCC_WARN_ABOUT_RETURN_TYPE = YES_ERROR;
				GCC_WARN_UNDECLARED_SELECTOR = YES;
				GCC_WARN_UNINITIALIZED_AUTOS = YES_AGGRESSIVE;
				GCC_WARN_UNUSED_FUNCTION = YES;
				GCC_WARN_UNUSED_VARIABLE = YES;
				IPHONEOS_DEPLOYMENT_TARGET = 8.0;
				MTL_ENABLE_DEBUG_INFO = NO;
				SDKROOT = iphoneos;
				VALIDATE_PRODUCT = YES;
			};
			name = Release;
		};
		35368A281BE6EDF500BCB71A /* Debug */ = {
			isa = XCBuildConfiguration;
			buildSettings = {
				ASSETCATALOG_COMPILER_APPICON_NAME = AppIcon;
				INFOPLIST_FILE = War/Info.plist;
				LD_RUNPATH_SEARCH_PATHS = "$(inherited) @executable_path/Frameworks";
				PRODUCT_NAME = "$(TARGET_NAME)";
			};
			name = Debug;
		};
		35368A291BE6EDF500BCB71A /* Release */ = {
			isa = XCBuildConfiguration;
			buildSettings = {
				ASSETCATALOG_COMPILER_APPICON_NAME = AppIcon;
				INFOPLIST_FILE = War/Info.plist;
				LD_RUNPATH_SEARCH_PATHS = "$(inherited) @executable_path/Frameworks";
				PRODUCT_NAME = "$(TARGET_NAME)";
			};
			name = Release;
		};
		35368A2B1BE6EDF500BCB71A /* Debug */ = {
			isa = XCBuildConfiguration;
			buildSettings = {
				BUNDLE_LOADER = "$(TEST_HOST)";
				FRAMEWORK_SEARCH_PATHS = (
					"$(SDKROOT)/Developer/Library/Frameworks",
					"$(inherited)",
				);
				GCC_PREPROCESSOR_DEFINITIONS = (
					"DEBUG=1",
					"$(inherited)",
				);
				INFOPLIST_FILE = WarTests/Info.plist;
				LD_RUNPATH_SEARCH_PATHS = "$(inherited) @executable_path/Frameworks @loader_path/Frameworks";
				PRODUCT_NAME = "$(TARGET_NAME)";
				TEST_HOST = "$(BUILT_PRODUCTS_DIR)/War.app/War";
			};
			name = Debug;
		};
		35368A2C1BE6EDF500BCB71A /* Release */ = {
			isa = XCBuildConfiguration;
			buildSettings = {
				BUNDLE_LOADER = "$(TEST_HOST)";
				FRAMEWORK_SEARCH_PATHS = (
					"$(SDKROOT)/Developer/Library/Frameworks",
					"$(inherited)",
				);
				INFOPLIST_FILE = WarTests/Info.plist;
				LD_RUNPATH_SEARCH_PATHS = "$(inherited) @executable_path/Frameworks @loader_path/Frameworks";
				PRODUCT_NAME = "$(TARGET_NAME)";
				TEST_HOST = "$(BUILT_PRODUCTS_DIR)/War.app/War";
			};
			name = Release;
		};
/* End XCBuildConfiguration section */

/* Begin XCConfigurationList section */
		35368A031BE6EDF500BCB71A /* Build configuration list for PBXProject "War" */ = {
			isa = XCConfigurationList;
			buildConfigurations = (
				35368A251BE6EDF500BCB71A /* Debug */,
				35368A261BE6EDF500BCB71A /* Release */,
			);
			defaultConfigurationIsVisible = 0;
			defaultConfigurationName = Release;
		};
		35368A271BE6EDF500BCB71A /* Build configuration list for PBXNativeTarget "War" */ = {
			isa = XCConfigurationList;
			buildConfigurations = (
				35368A281BE6EDF500BCB71A /* Debug */,
				35368A291BE6EDF500BCB71A /* Release */,
			);
			defaultConfigurationIsVisible = 0;
			defaultConfigurationName = Release;
		};
		35368A2A1BE6EDF500BCB71A /* Build configuration list for PBXNativeTarget "WarTests" */ = {
			isa = XCConfigurationList;
			buildConfigurations = (
				35368A2B1BE6EDF500BCB71A /* Debug */,
				35368A2C1BE6EDF500BCB71A /* Release */,
			);
			defaultConfigurationIsVisible = 0;
			defaultConfigurationName = Release;
		};
/* End XCConfigurationList section */
	};
	rootObject = 35368A001BE6EDF500BCB71A /* Project object */;
}
